// !$*UTF8*$!
{
	archiveVersion = 1;
	classes = {
	};
	objectVersion = 48;
	objects = {

/* Begin PBXBuildFile section */
		9AD5D4F31F8801B000D4950A /* AppDelegate.swift in Sources */ = {isa = PBXBuildFile; fileRef = 9AD5D4F21F8801B000D4950A /* AppDelegate.swift */; };
		9AD5D4F51F8801B000D4950A /* ViewController.swift in Sources */ = {isa = PBXBuildFile; fileRef = 9AD5D4F41F8801B000D4950A /* ViewController.swift */; };
		9AD5D4F81F8801B000D4950A /* Main.storyboard in Resources */ = {isa = PBXBuildFile; fileRef = 9AD5D4F61F8801B000D4950A /* Main.storyboard */; };
		9AD5D4FA1F8801B000D4950A /* Assets.xcassets in Resources */ = {isa = PBXBuildFile; fileRef = 9AD5D4F91F8801B000D4950A /* Assets.xcassets */; };
		9AD5D4FD1F8801B000D4950A /* LaunchScreen.storyboard in Resources */ = {isa = PBXBuildFile; fileRef = 9AD5D4FB1F8801B000D4950A /* LaunchScreen.storyboard */; };
		9AD5D5081F8801B000D4950A /* DemoTests.swift in Sources */ = {isa = PBXBuildFile; fileRef = 9AD5D5071F8801B000D4950A /* DemoTests.swift */; };
		9AD5D5131F8801B000D4950A /* DemoUITests.swift in Sources */ = {isa = PBXBuildFile; fileRef = 9AD5D5121F8801B000D4950A /* DemoUITests.swift */; };
/* End PBXBuildFile section */

/* Begin PBXContainerItemProxy section */
		9AD5D5041F8801B000D4950A /* PBXContainerItemProxy */ = {
			isa = PBXContainerItemProxy;
			containerPortal = 9AD5D4E71F8801B000D4950A /* Project object */;
			proxyType = 1;
			remoteGlobalIDString = 9AD5D4EE1F8801B000D4950A;
			remoteInfo = Demo;
		};
		9AD5D50F1F8801B000D4950A /* PBXContainerItemProxy */ = {
			isa = PBXContainerItemProxy;
			containerPortal = 9AD5D4E71F8801B000D4950A /* Project object */;
			proxyType = 1;
			remoteGlobalIDString = 9AD5D4EE1F8801B000D4950A;
			remoteInfo = Demo;
		};
/* End PBXContainerItemProxy section */

/* Begin PBXFileReference section */
		9AD5D4EF1F8801B000D4950A /* Demo.app */ = {isa = PBXFileReference; explicitFileType = wrapper.application; includeInIndex = 0; path = Demo.app; sourceTree = BUILT_PRODUCTS_DIR; };
		9AD5D4F21F8801B000D4950A /* AppDelegate.swift */ = {isa = PBXFileReference; lastKnownFileType = sourcecode.swift; path = AppDelegate.swift; sourceTree = "<group>"; };
		9AD5D4F41F8801B000D4950A /* ViewController.swift */ = {isa = PBXFileReference; lastKnownFileType = sourcecode.swift; path = ViewController.swift; sourceTree = "<group>"; };
		9AD5D4F71F8801B000D4950A /* Base */ = {isa = PBXFileReference; lastKnownFileType = file.storyboard; name = Base; path = Base.lproj/Main.storyboard; sourceTree = "<group>"; };
		9AD5D4F91F8801B000D4950A /* Assets.xcassets */ = {isa = PBXFileReference; lastKnownFileType = folder.assetcatalog; path = Assets.xcassets; sourceTree = "<group>"; };
		9AD5D4FC1F8801B000D4950A /* Base */ = {isa = PBXFileReference; lastKnownFileType = file.storyboard; name = Base; path = Base.lproj/LaunchScreen.storyboard; sourceTree = "<group>"; };
		9AD5D4FE1F8801B000D4950A /* Info.plist */ = {isa = PBXFileReference; lastKnownFileType = text.plist.xml; path = Info.plist; sourceTree = "<group>"; };
		9AD5D5031F8801B000D4950A /* DemoTests.xctest */ = {isa = PBXFileReference; explicitFileType = wrapper.cfbundle; includeInIndex = 0; path = DemoTests.xctest; sourceTree = BUILT_PRODUCTS_DIR; };
		9AD5D5071F8801B000D4950A /* DemoTests.swift */ = {isa = PBXFileReference; lastKnownFileType = sourcecode.swift; path = DemoTests.swift; sourceTree = "<group>"; };
		9AD5D5091F8801B000D4950A /* Info.plist */ = {isa = PBXFileReference; lastKnownFileType = text.plist.xml; path = Info.plist; sourceTree = "<group>"; };
		9AD5D50E1F8801B000D4950A /* DemoUITests.xctest */ = {isa = PBXFileReference; explicitFileType = wrapper.cfbundle; includeInIndex = 0; path = DemoUITests.xctest; sourceTree = BUILT_PRODUCTS_DIR; };
		9AD5D5121F8801B000D4950A /* DemoUITests.swift */ = {isa = PBXFileReference; lastKnownFileType = sourcecode.swift; path = DemoUITests.swift; sourceTree = "<group>"; };
		9AD5D5141F8801B000D4950A /* Info.plist */ = {isa = PBXFileReference; lastKnownFileType = text.plist.xml; path = Info.plist; sourceTree = "<group>"; };
/* End PBXFileReference section */

/* Begin PBXFrameworksBuildPhase section */
		9AD5D4EC1F8801B000D4950A /* Frameworks */ = {
			isa = PBXFrameworksBuildPhase;
			buildActionMask = 2147483647;
			files = (
			);
			runOnlyForDeploymentPostprocessing = 0;
		};
		9AD5D5001F8801B000D4950A /* Frameworks */ = {
			isa = PBXFrameworksBuildPhase;
			buildActionMask = 2147483647;
			files = (
			);
			runOnlyForDeploymentPostprocessing = 0;
		};
		9AD5D50B1F8801B000D4950A /* Frameworks */ = {
			isa = PBXFrameworksBuildPhase;
			buildActionMask = 2147483647;
			files = (
			);
			runOnlyForDeploymentPostprocessing = 0;
		};
/* End PBXFrameworksBuildPhase section */

/* Begin PBXGroup section */
		9AD5D4E61F8801B000D4950A = {
			isa = PBXGroup;
			children = (
				9AD5D4F11F8801B000D4950A /* Demo */,
				9AD5D5061F8801B000D4950A /* DemoTests */,
				9AD5D5111F8801B000D4950A /* DemoUITests */,
				9AD5D4F01F8801B000D4950A /* Products */,
			);
			sourceTree = "<group>";
		};
		9AD5D4F01F8801B000D4950A /* Products */ = {
			isa = PBXGroup;
			children = (
				9AD5D4EF1F8801B000D4950A /* Demo.app */,
				9AD5D5031F8801B000D4950A /* DemoTests.xctest */,
				9AD5D50E1F8801B000D4950A /* DemoUITests.xctest */,
			);
			name = Products;
			sourceTree = "<group>";
		};
		9AD5D4F11F8801B000D4950A /* Demo */ = {
			isa = PBXGroup;
			children = (
				9AD5D5201F88130B00D4950A /* Controller */,
				9AD5D4F61F8801B000D4950A /* Main.storyboard */,
				9AD5D4F91F8801B000D4950A /* Assets.xcassets */,
				9AD5D4FB1F8801B000D4950A /* LaunchScreen.storyboard */,
				9AD5D4FE1F8801B000D4950A /* Info.plist */,
			);
			path = Demo;
			sourceTree = "<group>";
		};
		9AD5D5061F8801B000D4950A /* DemoTests */ = {
			isa = PBXGroup;
			children = (
				9AD5D5071F8801B000D4950A /* DemoTests.swift */,
				9AD5D5091F8801B000D4950A /* Info.plist */,
			);
			path = DemoTests;
			sourceTree = "<group>";
		};
		9AD5D5111F8801B000D4950A /* DemoUITests */ = {
			isa = PBXGroup;
			children = (
				9AD5D5121F8801B000D4950A /* DemoUITests.swift */,
				9AD5D5141F8801B000D4950A /* Info.plist */,
			);
			path = DemoUITests;
			sourceTree = "<group>";
		};
		9AD5D5201F88130B00D4950A /* Controller */ = {
			isa = PBXGroup;
			children = (
				9AD5D4F21F8801B000D4950A /* AppDelegate.swift */,
				9AD5D4F41F8801B000D4950A /* ViewController.swift */,
			);
			path = Controller;
			sourceTree = "<group>";
		};
/* End PBXGroup section */

/* Begin PBXNativeTarget section */
		9AD5D4EE1F8801B000D4950A /* Demo */ = {
			isa = PBXNativeTarget;
			buildConfigurationList = 9AD5D5171F8801B000D4950A /* Build configuration list for PBXNativeTarget "Demo" */;
			buildPhases = (
				9AD5D4EB1F8801B000D4950A /* Sources */,
				9AD5D4EC1F8801B000D4950A /* Frameworks */,
				9AD5D4ED1F8801B000D4950A /* Resources */,
			);
			buildRules = (
			);
			dependencies = (
			);
			name = Demo;
			productName = Demo;
			productReference = 9AD5D4EF1F8801B000D4950A /* Demo.app */;
			productType = "com.apple.product-type.application";
		};
		9AD5D5021F8801B000D4950A /* DemoTests */ = {
			isa = PBXNativeTarget;
			buildConfigurationList = 9AD5D51A1F8801B000D4950A /* Build configuration list for PBXNativeTarget "DemoTests" */;
			buildPhases = (
				9AD5D4FF1F8801B000D4950A /* Sources */,
				9AD5D5001F8801B000D4950A /* Frameworks */,
				9AD5D5011F8801B000D4950A /* Resources */,
			);
			buildRules = (
			);
			dependencies = (
				9AD5D5051F8801B000D4950A /* PBXTargetDependency */,
			);
			name = DemoTests;
			productName = DemoTests;
			productReference = 9AD5D5031F8801B000D4950A /* DemoTests.xctest */;
			productType = "com.apple.product-type.bundle.unit-test";
		};
		9AD5D50D1F8801B000D4950A /* DemoUITests */ = {
			isa = PBXNativeTarget;
			buildConfigurationList = 9AD5D51D1F8801B000D4950A /* Build configuration list for PBXNativeTarget "DemoUITests" */;
			buildPhases = (
				9AD5D50A1F8801B000D4950A /* Sources */,
				9AD5D50B1F8801B000D4950A /* Frameworks */,
				9AD5D50C1F8801B000D4950A /* Resources */,
			);
			buildRules = (
			);
			dependencies = (
				9AD5D5101F8801B000D4950A /* PBXTargetDependency */,
			);
			name = DemoUITests;
			productName = DemoUITests;
			productReference = 9AD5D50E1F8801B000D4950A /* DemoUITests.xctest */;
			productType = "com.apple.product-type.bundle.ui-testing";
		};
/* End PBXNativeTarget section */

/* Begin PBXProject section */
		9AD5D4E71F8801B000D4950A /* Project object */ = {
			isa = PBXProject;
			attributes = {
				LastSwiftUpdateCheck = 0900;
				LastUpgradeCheck = 0900;
				ORGANIZATIONNAME = CTEC;
				TargetAttributes = {
					9AD5D4EE1F8801B000D4950A = {
						CreatedOnToolsVersion = 9.0;
						ProvisioningStyle = Automatic;
					};
					9AD5D5021F8801B000D4950A = {
						CreatedOnToolsVersion = 9.0;
						ProvisioningStyle = Automatic;
						TestTargetID = 9AD5D4EE1F8801B000D4950A;
					};
					9AD5D50D1F8801B000D4950A = {
						CreatedOnToolsVersion = 9.0;
						ProvisioningStyle = Automatic;
						TestTargetID = 9AD5D4EE1F8801B000D4950A;
					};
				};
			};
			buildConfigurationList = 9AD5D4EA1F8801B000D4950A /* Build configuration list for PBXProject "Demo" */;
			compatibilityVersion = "Xcode 8.0";
			developmentRegion = en;
			hasScannedForEncodings = 0;
			knownRegions = (
				en,
				Base,
			);
			mainGroup = 9AD5D4E61F8801B000D4950A;
			productRefGroup = 9AD5D4F01F8801B000D4950A /* Products */;
			projectDirPath = "";
			projectRoot = "";
			targets = (
				9AD5D4EE1F8801B000D4950A /* Demo */,
				9AD5D5021F8801B000D4950A /* DemoTests */,
				9AD5D50D1F8801B000D4950A /* DemoUITests */,
			);
		};
/* End PBXProject section */

/* Begin PBXResourcesBuildPhase section */
		9AD5D4ED1F8801B000D4950A /* Resources */ = {
			isa = PBXResourcesBuildPhase;
			buildActionMask = 2147483647;
			files = (
				9AD5D4FD1F8801B000D4950A /* LaunchScreen.storyboard in Resources */,
				9AD5D4FA1F8801B000D4950A /* Assets.xcassets in Resources */,
				9AD5D4F81F8801B000D4950A /* Main.storyboard in Resources */,
			);
			runOnlyForDeploymentPostprocessing = 0;
		};
		9AD5D5011F8801B000D4950A /* Resources */ = {
			isa = PBXResourcesBuildPhase;
			buildActionMask = 2147483647;
			files = (
			);
			runOnlyForDeploymentPostprocessing = 0;
		};
		9AD5D50C1F8801B000D4950A /* Resources */ = {
			isa = PBXResourcesBuildPhase;
			buildActionMask = 2147483647;
			files = (
			);
			runOnlyForDeploymentPostprocessing = 0;
		};
/* End PBXResourcesBuildPhase section */

/* Begin PBXSourcesBuildPhase section */
		9AD5D4EB1F8801B000D4950A /* Sources */ = {
			isa = PBXSourcesBuildPhase;
			buildActionMask = 2147483647;
			files = (
				9AD5D4F51F8801B000D4950A /* ViewController.swift in Sources */,
				9AD5D4F31F8801B000D4950A /* AppDelegate.swift in Sources */,
			);
			runOnlyForDeploymentPostprocessing = 0;
		};
		9AD5D4FF1F8801B000D4950A /* Sources */ = {
			isa = PBXSourcesBuildPhase;
			buildActionMask = 2147483647;
			files = (
				9AD5D5081F8801B000D4950A /* DemoTests.swift in Sources */,
			);
			runOnlyForDeploymentPostprocessing = 0;
		};
		9AD5D50A1F8801B000D4950A /* Sources */ = {
			isa = PBXSourcesBuildPhase;
			buildActionMask = 2147483647;
			files = (
				9AD5D5131F8801B000D4950A /* DemoUITests.swift in Sources */,
			);
			runOnlyForDeploymentPostprocessing = 0;
		};
/* End PBXSourcesBuildPhase section */

/* Begin PBXTargetDependency section */
		9AD5D5051F8801B000D4950A /* PBXTargetDependency */ = {
			isa = PBXTargetDependency;
			target = 9AD5D4EE1F8801B000D4950A /* Demo */;
			targetProxy = 9AD5D5041F8801B000D4950A /* PBXContainerItemProxy */;
		};
		9AD5D5101F8801B000D4950A /* PBXTargetDependency */ = {
			isa = PBXTargetDependency;
			target = 9AD5D4EE1F8801B000D4950A /* Demo */;
			targetProxy = 9AD5D50F1F8801B000D4950A /* PBXContainerItemProxy */;
		};
/* End PBXTargetDependency section */

/* Begin PBXVariantGroup section */
		9AD5D4F61F8801B000D4950A /* Main.storyboard */ = {
			isa = PBXVariantGroup;
			children = (
				9AD5D4F71F8801B000D4950A /* Base */,
			);
			name = Main.storyboard;
			sourceTree = "<group>";
		};
		9AD5D4FB1F8801B000D4950A /* LaunchScreen.storyboard */ = {
			isa = PBXVariantGroup;
			children = (
				9AD5D4FC1F8801B000D4950A /* Base */,
			);
			name = LaunchScreen.storyboard;
			sourceTree = "<group>";
		};
/* End PBXVariantGroup section */

/* Begin XCBuildConfiguration section */
		9AD5D5151F8801B000D4950A /* Debug */ = {
			isa = XCBuildConfiguration;
			buildSettings = {
				ALWAYS_SEARCH_USER_PATHS = NO;
				CLANG_ANALYZER_NONNULL = YES;
				CLANG_ANALYZER_NUMBER_OBJECT_CONVERSION = YES_AGGRESSIVE;
				CLANG_CXX_LANGUAGE_STANDARD = "gnu++14";
				CLANG_CXX_LIBRARY = "libc++";
				CLANG_ENABLE_MODULES = YES;
				CLANG_ENABLE_OBJC_ARC = YES;
				CLANG_WARN_BLOCK_CAPTURE_AUTORELEASING = YES;
				CLANG_WARN_BOOL_CONVERSION = YES;
				CLANG_WARN_COMMA = YES;
				CLANG_WARN_CONSTANT_CONVERSION = YES;
				CLANG_WARN_DIRECT_OBJC_ISA_USAGE = YES_ERROR;
				CLANG_WARN_DOCUMENTATION_COMMENTS = YES;
				CLANG_WARN_EMPTY_BODY = YES;
				CLANG_WARN_ENUM_CONVERSION = YES;
				CLANG_WARN_INFINITE_RECURSION = YES;
				CLANG_WARN_INT_CONVERSION = YES;
				CLANG_WARN_NON_LITERAL_NULL_CONVERSION = YES;
				CLANG_WARN_OBJC_LITERAL_CONVERSION = YES;
				CLANG_WARN_OBJC_ROOT_CLASS = YES_ERROR;
				CLANG_WARN_RANGE_LOOP_ANALYSIS = YES;
				CLANG_WARN_STRICT_PROTOTYPES = YES;
				CLANG_WARN_SUSPICIOUS_MOVE = YES;
				CLANG_WARN_UNGUARDED_AVAILABILITY = YES_AGGRESSIVE;
				CLANG_WARN_UNREACHABLE_CODE = YES;
				CLANG_WARN__DUPLICATE_METHOD_MATCH = YES;
				CODE_SIGN_IDENTITY = "iPhone Developer";
				COPY_PHASE_STRIP = NO;
				DEBUG_INFORMATION_FORMAT = dwarf;
				ENABLE_STRICT_OBJC_MSGSEND = YES;
				ENABLE_TESTABILITY = YES;
				GCC_C_LANGUAGE_STANDARD = gnu11;
				GCC_DYNAMIC_NO_PIC = NO;
				GCC_NO_COMMON_BLOCKS = YES;
				GCC_OPTIMIZATION_LEVEL = 0;
				GCC_PREPROCESSOR_DEFINITIONS = (
					"DEBUG=1",
					"$(inherited)",
				);
				GCC_WARN_64_TO_32_BIT_CONVERSION = YES;
				GCC_WARN_ABOUT_RETURN_TYPE = YES_ERROR;
				GCC_WARN_UNDECLARED_SELECTOR = YES;
				GCC_WARN_UNINITIALIZED_AUTOS = YES_AGGRESSIVE;
				GCC_WARN_UNUSED_FUNCTION = YES;
				GCC_WARN_UNUSED_VARIABLE = YES;
				IPHONEOS_DEPLOYMENT_TARGET = 11.0;
				MTL_ENABLE_DEBUG_INFO = YES;
				ONLY_ACTIVE_ARCH = YES;
				SDKROOT = iphoneos;
				SWIFT_ACTIVE_COMPILATION_CONDITIONS = DEBUG;
				SWIFT_OPTIMIZATION_LEVEL = "-Onone";
			};
			name = Debug;
		};
		9AD5D5161F8801B000D4950A /* Release */ = {
			isa = XCBuildConfiguration;
			buildSettings = {
				ALWAYS_SEARCH_USER_PATHS = NO;
				CLANG_ANALYZER_NONNULL = YES;
				CLANG_ANALYZER_NUMBER_OBJECT_CONVERSION = YES_AGGRESSIVE;
				CLANG_CXX_LANGUAGE_STANDARD = "gnu++14";
				CLANG_CXX_LIBRARY = "libc++";
				CLANG_ENABLE_MODULES = YES;
				CLANG_ENABLE_OBJC_ARC = YES;
				CLANG_WARN_BLOCK_CAPTURE_AUTORELEASING = YES;
				CLANG_WARN_BOOL_CONVERSION = YES;
				CLANG_WARN_COMMA = YES;
				CLANG_WARN_CONSTANT_CONVERSION = YES;
				CLANG_WARN_DIRECT_OBJC_ISA_USAGE = YES_ERROR;
				CLANG_WARN_DOCUMENTATION_COMMENTS = YES;
				CLANG_WARN_EMPTY_BODY = YES;
				CLANG_WARN_ENUM_CONVERSION = YES;
				CLANG_WARN_INFINITE_RECURSION = YES;
				CLANG_WARN_INT_CONVERSION = YES;
				CLANG_WARN_NON_LITERAL_NULL_CONVERSION = YES;
				CLANG_WARN_OBJC_LITERAL_CONVERSION = YES;
				CLANG_WARN_OBJC_ROOT_CLASS = YES_ERROR;
				CLANG_WARN_RANGE_LOOP_ANALYSIS = YES;
				CLANG_WARN_STRICT_PROTOTYPES = YES;
				CLANG_WARN_SUSPICIOUS_MOVE = YES;
				CLANG_WARN_UNGUARDED_AVAILABILITY = YES_AGGRESSIVE;
				CLANG_WARN_UNREACHABLE_CODE = YES;
				CLANG_WARN__DUPLICATE_METHOD_MATCH = YES;
				CODE_SIGN_IDENTITY = "iPhone Developer";
				COPY_PHASE_STRIP = NO;
				DEBUG_INFORMATION_FORMAT = "dwarf-with-dsym";
				ENABLE_NS_ASSERTIONS = NO;
				ENABLE_STRICT_OBJC_MSGSEND = YES;
				GCC_C_LANGUAGE_STANDARD = gnu11;
				GCC_NO_COMMON_BLOCKS = YES;
				GCC_WARN_64_TO_32_BIT_CONVERSION = YES;
				GCC_WARN_ABOUT_RETURN_TYPE = YES_ERROR;
				GCC_WARN_UNDECLARED_SELECTOR = YES;
				GCC_WARN_UNINITIALIZED_AUTOS = YES_AGGRESSIVE;
				GCC_WARN_UNUSED_FUNCTION = YES;
				GCC_WARN_UNUSED_VARIABLE = YES;
				IPHONEOS_DEPLOYMENT_TARGET = 11.0;
				MTL_ENABLE_DEBUG_INFO = NO;
				SDKROOT = iphoneos;
				SWIFT_OPTIMIZATION_LEVEL = "-Owholemodule";
				VALIDATE_PRODUCT = YES;
			};
			name = Release;
		};
		9AD5D5181F8801B000D4950A /* Debug */ = {
			isa = XCBuildConfiguration;
			buildSettings = {
				ASSETCATALOG_COMPILER_APPICON_NAME = AppIcon;
				CODE_SIGN_STYLE = Automatic;
				INFOPLIST_FILE = Demo/Info.plist;
				LD_RUNPATH_SEARCH_PATHS = "$(inherited) @executable_path/Frameworks";
				PRODUCT_BUNDLE_IDENTIFIER = CTEC.Demo;
				PRODUCT_NAME = "$(TARGET_NAME)";
				SWIFT_VERSION = 4.0;
				TARGETED_DEVICE_FAMILY = "1,2";
			};
			name = Debug;
		};
		9AD5D5191F8801B000D4950A /* Release */ = {
			isa = XCBuildConfiguration;
			buildSettings = {
				ASSETCATALOG_COMPILER_APPICON_NAME = AppIcon;
				CODE_SIGN_STYLE = Automatic;
				INFOPLIST_FILE = Demo/Info.plist;
				LD_RUNPATH_SEARCH_PATHS = "$(inherited) @executable_path/Frameworks";
				PRODUCT_BUNDLE_IDENTIFIER = CTEC.Demo;
				PRODUCT_NAME = "$(TARGET_NAME)";
				SWIFT_VERSION = 4.0;
				TARGETED_DEVICE_FAMILY = "1,2";
			};
			name = Release;
		};
		9AD5D51B1F8801B000D4950A /* Debug */ = {
			isa = XCBuildConfiguration;
			buildSettings = {
				ALWAYS_EMBED_SWIFT_STANDARD_LIBRARIES = YES;
				BUNDLE_LOADER = "$(TEST_HOST)";
				CODE_SIGN_STYLE = Automatic;
				INFOPLIST_FILE = DemoTests/Info.plist;
				LD_RUNPATH_SEARCH_PATHS = "$(inherited) @executable_path/Frameworks @loader_path/Frameworks";
				PRODUCT_BUNDLE_IDENTIFIER = CTEC.DemoTests;
				PRODUCT_NAME = "$(TARGET_NAME)";
				SWIFT_VERSION = 4.0;
				TARGETED_DEVICE_FAMILY = "1,2";
				TEST_HOST = "$(BUILT_PRODUCTS_DIR)/Demo.app/Demo";
			};
			name = Debug;
		};
		9AD5D51C1F8801B000D4950A /* Release */ = {
			isa = XCBuildConfiguration;
			buildSettings = {
				ALWAYS_EMBED_SWIFT_STANDARD_LIBRARIES = YES;
				BUNDLE_LOADER = "$(TEST_HOST)";
				CODE_SIGN_STYLE = Automatic;
				INFOPLIST_FILE = DemoTests/Info.plist;
				LD_RUNPATH_SEARCH_PATHS = "$(inherited) @executable_path/Frameworks @loader_path/Frameworks";
				PRODUCT_BUNDLE_IDENTIFIER = CTEC.DemoTests;
				PRODUCT_NAME = "$(TARGET_NAME)";
				SWIFT_VERSION = 4.0;
				TARGETED_DEVICE_FAMILY = "1,2";
				TEST_HOST = "$(BUILT_PRODUCTS_DIR)/Demo.app/Demo";
			};
			name = Release;
		};
		9AD5D51E1F8801B000D4950A /* Debug */ = {
			isa = XCBuildConfiguration;
			buildSettings = {
				ALWAYS_EMBED_SWIFT_STANDARD_LIBRARIES = YES;
				CODE_SIGN_STYLE = Automatic;
				INFOPLIST_FILE = DemoUITests/Info.plist;
				LD_RUNPATH_SEARCH_PATHS = "$(inherited) @executable_path/Frameworks @loader_path/Frameworks";
				PRODUCT_BUNDLE_IDENTIFIER = CTEC.DemoUITests;
				PRODUCT_NAME = "$(TARGET_NAME)";
				SWIFT_VERSION = 4.0;
				TARGETED_DEVICE_FAMILY = "1,2";
				TEST_TARGET_NAME = Demo;
			};
			name = Debug;
		};
		9AD5D51F1F8801B000D4950A /* Release */ = {
			isa = XCBuildConfiguration;
			buildSettings = {
				ALWAYS_EMBED_SWIFT_STANDARD_LIBRARIES = YES;
				CODE_SIGN_STYLE = Automatic;
				INFOPLIST_FILE = DemoUITests/Info.plist;
				LD_RUNPATH_SEARCH_PATHS = "$(inherited) @executable_path/Frameworks @loader_path/Frameworks";
				PRODUCT_BUNDLE_IDENTIFIER = CTEC.DemoUITests;
				PRODUCT_NAME = "$(TARGET_NAME)";
				SWIFT_VERSION = 4.0;
				TARGETED_DEVICE_FAMILY = "1,2";
				TEST_TARGET_NAME = Demo;
			};
			name = Release;
		};
/* End XCBuildConfiguration section */

/* Begin XCConfigurationList section */
		9AD5D4EA1F8801B000D4950A /* Build configuration list for PBXProject "Demo" */ = {
			isa = XCConfigurationList;
			buildConfigurations = (
				9AD5D5151F8801B000D4950A /* Debug */,
				9AD5D5161F8801B000D4950A /* Release */,
			);
			defaultConfigurationIsVisible = 0;
			defaultConfigurationName = Release;
		};
		9AD5D5171F8801B000D4950A /* Build configuration list for PBXNativeTarget "Demo" */ = {
			isa = XCConfigurationList;
			buildConfigurations = (
				9AD5D5181F8801B000D4950A /* Debug */,
				9AD5D5191F8801B000D4950A /* Release */,
			);
			defaultConfigurationIsVisible = 0;
			defaultConfigurationName = Release;
		};
		9AD5D51A1F8801B000D4950A /* Build configuration list for PBXNativeTarget "DemoTests" */ = {
			isa = XCConfigurationList;
			buildConfigurations = (
				9AD5D51B1F8801B000D4950A /* Debug */,
				9AD5D51C1F8801B000D4950A /* Release */,
			);
			defaultConfigurationIsVisible = 0;
			defaultConfigurationName = Release;
		};
		9AD5D51D1F8801B000D4950A /* Build configuration list for PBXNativeTarget "DemoUITests" */ = {
			isa = XCConfigurationList;
			buildConfigurations = (
				9AD5D51E1F8801B000D4950A /* Debug */,
				9AD5D51F1F8801B000D4950A /* Release */,
			);
			defaultConfigurationIsVisible = 0;
			defaultConfigurationName = Release;
		};
/* End XCConfigurationList section */
	};
	rootObject = 9AD5D4E71F8801B000D4950A /* Project object */;
}
